PODS:
  - AMScrollingNavbar (5.7.3)
  - BTNavigationDropdownMenu (0.7)
  - Chartbeat (1.5.0)
  - CosmosKit (2.1.8):
    - AMScrollingNavbar
    - BTNavigationDropdownMenu
    - DTCoreText
    - Firebase/Messaging
    - Google-Mobile-Ads-SDK
    - Kingfisher
    - lottie-ios (= 3.5.0)
    - ReachabilitySwift
    - SwiftKeychainWrapper
    - YoutubePlayer-in-WKWebView
  - DTCoreText (1.6.27):
    - DTCoreText/Core (= 1.6.27)
    - DTFoundation/Core (~> 1.7.5)
    - DTFoundation/DTAnimatedGIF (~> 1.7.5)
    - DTFoundation/DTHTMLParser (~> 1.7.5)
    - DTFoundation/UIKit (~> 1.7.5)
  - DTCoreText/Core (1.6.27):
    - DTFoundation/Core (~> 1.7.5)
    - DTFoundation/DTAnimatedGIF (~> 1.7.5)
    - DTFoundation/DTHTMLParser (~> 1.7.5)
    - DTFoundation/UIKit (~> 1.7.5)
  - DTFoundation/Core (1.7.18)
  - DTFoundation/DTAnimatedGIF (1.7.18)
  - DTFoundation/DTHTMLParser (1.7.18):
    - DTFoundation/Core
  - DTFoundation/UIKit (1.7.18):
    - DTFoundation/Core
  - Firebase/Analytics (10.12.0):
    - Firebase/Core
  - Firebase/Core (10.12.0):
    - Firebase/CoreOnly
    - FirebaseAnalytics (~> 10.12.0)
  - Firebase/CoreOnly (10.12.0):
    - FirebaseCore (= 10.12.0)
  - Firebase/Crashlytics (10.12.0):
    - Firebase/CoreOnly
    - FirebaseCrashlytics (~> 10.12.0)
  - Firebase/Messaging (10.12.0):
    - Firebase/CoreOnly
    - FirebaseMessaging (~> 10.12.0)
  - FirebaseAnalytics (10.12.0):
    - FirebaseAnalytics/AdIdSupport (= 10.12.0)
    - FirebaseCore (~> 10.0)
    - FirebaseInstallations (~> 10.0)
    - GoogleUtilities/AppDelegateSwizzler (~> 7.11)
    - GoogleUtilities/MethodSwizzler (~> 7.11)
    - GoogleUtilities/Network (~> 7.11)
    - "GoogleUtilities/NSData+zlib (~> 7.11)"
    - nanopb (< 2.30910.0, >= 2.30908.0)
  - FirebaseAnalytics/AdIdSupport (10.12.0):
    - FirebaseCore (~> 10.0)
    - FirebaseInstallations (~> 10.0)
    - GoogleAppMeasurement (= 10.12.0)
    - GoogleUtilities/AppDelegateSwizzler (~> 7.11)
    - GoogleUtilities/MethodSwizzler (~> 7.11)
    - GoogleUtilities/Network (~> 7.11)
    - "GoogleUtilities/NSData+zlib (~> 7.11)"
    - nanopb (< 2.30910.0, >= 2.30908.0)
  - FirebaseCore (10.12.0):
    - FirebaseCoreInternal (~> 10.0)
    - GoogleUtilities/Environment (~> 7.8)
    - GoogleUtilities/Logger (~> 7.8)
  - FirebaseCoreExtension (10.12.0):
    - FirebaseCore (~> 10.0)
  - FirebaseCoreInternal (10.12.0):
    - "GoogleUtilities/NSData+zlib (~> 7.8)"
  - FirebaseCrashlytics (10.12.0):
    - FirebaseCore (~> 10.5)
    - FirebaseInstallations (~> 10.0)
    - FirebaseSessions (~> 10.5)
    - GoogleDataTransport (~> 9.2)
    - GoogleUtilities/Environment (~> 7.8)
    - nanopb (< 2.30910.0, >= 2.30908.0)
    - PromisesObjC (~> 2.1)
  - FirebaseInstallations (10.12.0):
    - FirebaseCore (~> 10.0)
    - GoogleUtilities/Environment (~> 7.8)
    - GoogleUtilities/UserDefaults (~> 7.8)
    - PromisesObjC (~> 2.1)
  - FirebaseMessaging (10.12.0):
    - FirebaseCore (~> 10.0)
    - FirebaseInstallations (~> 10.0)
    - GoogleDataTransport (~> 9.2)
    - GoogleUtilities/AppDelegateSwizzler (~> 7.8)
    - GoogleUtilities/Environment (~> 7.8)
    - GoogleUtilities/Reachability (~> 7.8)
    - GoogleUtilities/UserDefaults (~> 7.8)
    - nanopb (< 2.30910.0, >= 2.30908.0)
  - FirebaseSessions (10.12.0):
    - FirebaseCore (~> 10.5)
    - FirebaseCoreExtension (~> 10.0)
    - FirebaseInstallations (~> 10.0)
    - GoogleDataTransport (~> 9.2)
    - GoogleUtilities/Environment (~> 7.10)
    - nanopb (< 2.30910.0, >= 2.30908.0)
    - PromisesSwift (~> 2.1)
  - Google-Mobile-Ads-SDK (10.8.0):
    - GoogleAppMeasurement (< 11.0, >= 7.0)
    - GoogleUserMessagingPlatform (>= 1.1)
  - GoogleAppMeasurement (10.12.0):
    - GoogleAppMeasurement/AdIdSupport (= 10.12.0)
    - GoogleUtilities/AppDelegateSwizzler (~> 7.11)
    - GoogleUtilities/MethodSwizzler (~> 7.11)
    - GoogleUtilities/Network (~> 7.11)
    - "GoogleUtilities/NSData+zlib (~> 7.11)"
    - nanopb (< 2.30910.0, >= 2.30908.0)
  - GoogleAppMeasurement/AdIdSupport (10.12.0):
    - GoogleAppMeasurement/WithoutAdIdSupport (= 10.12.0)
    - GoogleUtilities/AppDelegateSwizzler (~> 7.11)
    - GoogleUtilities/MethodSwizzler (~> 7.11)
    - GoogleUtilities/Network (~> 7.11)
    - "GoogleUtilities/NSData+zlib (~> 7.11)"
    - nanopb (< 2.30910.0, >= 2.30908.0)
  - GoogleAppMeasurement/WithoutAdIdSupport (10.12.0):
    - GoogleUtilities/AppDelegateSwizzler (~> 7.11)
    - GoogleUtilities/MethodSwizzler (~> 7.11)
    - GoogleUtilities/Network (~> 7.11)
    - "GoogleUtilities/NSData+zlib (~> 7.11)"
    - nanopb (< 2.30910.0, >= 2.30908.0)
  - GoogleDataTransport (9.2.3):
    - GoogleUtilities/Environment (~> 7.7)
    - nanopb (< 2.30910.0, >= 2.30908.0)
    - PromisesObjC (< 3.0, >= 1.2)
  - GoogleUserMessagingPlatform (2.1.0)
  - GoogleUtilities/AppDelegateSwizzler (7.11.1):
    - GoogleUtilities/Environment
    - GoogleUtilities/Logger
    - GoogleUtilities/Network
  - GoogleUtilities/Environment (7.11.1):
    - PromisesObjC (< 3.0, >= 1.2)
  - GoogleUtilities/Logger (7.11.1):
    - GoogleUtilities/Environment
  - GoogleUtilities/MethodSwizzler (7.11.1):
    - GoogleUtilities/Logger
  - GoogleUtilities/Network (7.11.1):
    - GoogleUtilities/Logger
    - "GoogleUtilities/NSData+zlib"
    - GoogleUtilities/Reachability
  - "GoogleUtilities/NSData+zlib (7.11.1)"
  - GoogleUtilities/Reachability (7.11.1):
    - GoogleUtilities/Logger
  - GoogleUtilities/UserDefaults (7.11.1):
    - GoogleUtilities/Logger
  - Kingfisher (7.9.0)
  - lottie-ios (3.5.0)
  - nanopb (2.30909.0):
    - nanopb/decode (= 2.30909.0)
    - nanopb/encode (= 2.30909.0)
  - nanopb/decode (2.30909.0)
  - nanopb/encode (2.30909.0)
  - PromisesObjC (2.2.0)
  - PromisesSwift (2.2.0):
    - PromisesObjC (= 2.2.0)
  - ReachabilitySwift (5.0.0)
  - SwiftKeychainWrapper (4.0.1)
  - SwiftLint (0.52.4)
  - YoutubePlayer-in-WKWebView (0.3.8)

DEPENDENCIES:
  - BTNavigationDropdownMenu (from `https://github.com/flatcircle/NavigationDropdownMenu.git`)
  - Chartbeat
  - CosmosKit (from `../CosmosKit_ios`)
  - Firebase/Analytics
  - Firebase/Crashlytics
  - Firebase/Messaging
  - SwiftLint

SPEC REPOS:
  trunk:
    - AMScrollingNavbar
    - Chartbeat
    - DTCoreText
    - DTFoundation
    - Firebase
    - FirebaseAnalytics
    - FirebaseCore
    - FirebaseCoreExtension
    - FirebaseCoreInternal
    - FirebaseCrashlytics
    - FirebaseInstallations
    - FirebaseMessaging
    - FirebaseSessions
    - Google-Mobile-Ads-SDK
    - GoogleAppMeasurement
    - GoogleDataTransport
    - GoogleUserMessagingPlatform
    - GoogleUtilities
    - Kingfisher
    - lottie-ios
    - nanopb
    - PromisesObjC
    - PromisesSwift
    - ReachabilitySwift
    - SwiftKeychainWrapper
    - SwiftLint
    - YoutubePlayer-in-WKWebView

EXTERNAL SOURCES:
  BTNavigationDropdownMenu:
    :git: https://github.com/flatcircle/NavigationDropdownMenu.git
  CosmosKit:
    :path: "../CosmosKit_ios"

CHECKOUT OPTIONS:
  BTNavigationDropdownMenu:
    :commit: 1a727868332ef57404654700443e8ffa7e91e93f
    :git: https://github.com/flatcircle/NavigationDropdownMenu.git

SPEC CHECKSUMS:
  AMScrollingNavbar: c3d120e0dbcc5bcff988a7058bd9d99e1ff908b5
  BTNavigationDropdownMenu: 9dc20ed0e7fd98fdd5adab2f0edd5c3f00e50ba1
  Chartbeat: 506471851597f18f24f21d49716aa16ae6545365
  CosmosKit: fea333e76476fc72a546c08c49d9dd9cd5e4c7a5
  DTCoreText: ac297b565abd3b12390d33cd6e076d875f0c0a5e
  DTFoundation: a53f8cda2489208cbc71c648be177f902ee17536
  Firebase: 07150e75d142fb9399f6777fa56a187b17f833a0
  FirebaseAnalytics: 0270389efbe3022b54ec4588862dabec3477ee98
  FirebaseCore: f86a1394906b97ac445ae49c92552a9425831bed
  FirebaseCoreExtension: 0ce5ac36042001cfa233ce7bfa28e5c313cf80f4
  FirebaseCoreInternal: 950500ad8a08963657f6d8c67b579740c06d6aa1
  FirebaseCrashlytics: c4d111b7430c49744c74bcc6346ea00868661ac8
  FirebaseInstallations: 7b99ef103f013624444c614397038219c45f8e63
  FirebaseMessaging: bb2c4f6422a753038fe137d90ae7c1af57251316
  FirebaseSessions: a4ee211eeb31a2224cd8d9d4e30a0fccde9aa00c
  Google-Mobile-Ads-SDK: 69daa7fb42061b425340706e382e87fab3e666a3
  GoogleAppMeasurement: 2d800fab85e7848b1e66a6f8ce5bca06c5aad892
  GoogleDataTransport: f0308f5905a745f94fb91fea9c6cbaf3831cb1bd
  GoogleUserMessagingPlatform: dce302b8f1b84d6e945812ee7a15c3f65a102cbf
  GoogleUtilities: 9aa0ad5a7bc171f8bae016300bfcfa3fb8425749
  Kingfisher: 59f908b6d2f403b0a3e539debb0eec05cb27002c
  lottie-ios: c55158d67d0629a260625cc2ded2052b829e3c3e
  nanopb: b552cce312b6c8484180ef47159bc0f65a1f0431
  PromisesObjC: 09985d6d70fbe7878040aa746d78236e6946d2ef
  PromisesSwift: cf9eb58666a43bbe007302226e510b16c1e10959
  ReachabilitySwift: 985039c6f7b23a1da463388634119492ff86c825
  SwiftKeychainWrapper: 807ba1d63c33a7d0613288512399cd1eda1e470c
  SwiftLint: 1cc5cd61ba9bacb2194e340aeb47a2a37fda00b3
  YoutubePlayer-in-WKWebView: 4fca3b4f6f09940077bfbae7bddb771f2b43aacd

PODFILE CHECKSUM: d3c8568fe1c4f6ee2b15ee5816649c423de0a33a

COCOAPODS: 1.12.1
